
Microsoft Visual Studio Solution File, Format Version 12.00
# Visual Studio Version 17
VisualStudioVersion = 17.4.33103.184
MinimumVisualStudioVersion = 10.0.40219.1
Project("{9A19103F-16F7-4668-BE54-9A1E7A4F7556}") = "ООП-ЛАБА-11", "ООП-ЛАБА-11\ООП-ЛАБА-11.csproj", "{81FA5714-6782-4160-8A64-7643EC11BBF8}"
EndProject
Project("{9A19103F-16F7-4668-BE54-9A1E7A4F7556}") = "Problem 2. King’s Gambit", "Problem 2. King’s Gambit\Problem 2. King’s Gambit.csproj", "{8F8D477B-DC2E-4A2D-8EFE-F928A88A83D1}"
EndProject
Project("{9A19103F-16F7-4668-BE54-9A1E7A4F7556}") = "Problem 3. Dependency Inversion", "Problem 3. Dependency Inversion\Problem 3. Dependency Inversion.csproj", "{18F66631-E231-4A1E-8C32-58608305F991}"
EndProject
Project("{9A19103F-16F7-4668-BE54-9A1E7A4F7556}") = "Problem 4. Work Force", "Problem 4. Work Force\Problem 4. Work Force.csproj", "{B0CDD1A1-20DA-41AF-848A-7C167348B441}"
EndProject
Project("{FAE04EC0-301F-11D3-BF4B-00C04F79EFBC}") = "Problem 5. King’s Gambit Extended", "Problem 5. King’s Gambit Extended\Problem 5. King’s Gambit Extended.csproj", "{7662F008-AFE8-4F3F-8D17-6E97E1861687}"
EndProject
Global
	GlobalSection(SolutionConfigurationPlatforms) = preSolution
		Debug|Any CPU = Debug|Any CPU
		Release|Any CPU = Release|Any CPU
	EndGlobalSection
	GlobalSection(ProjectConfigurationPlatforms) = postSolution
		{81FA5714-6782-4160-8A64-7643EC11BBF8}.Debug|Any CPU.ActiveCfg = Debug|Any CPU
		{81FA5714-6782-4160-8A64-7643EC11BBF8}.Debug|Any CPU.Build.0 = Debug|Any CPU
		{81FA5714-6782-4160-8A64-7643EC11BBF8}.Release|Any CPU.ActiveCfg = Release|Any CPU
		{81FA5714-6782-4160-8A64-7643EC11BBF8}.Release|Any CPU.Build.0 = Release|Any CPU
		{8F8D477B-DC2E-4A2D-8EFE-F928A88A83D1}.Debug|Any CPU.ActiveCfg = Debug|Any CPU
		{8F8D477B-DC2E-4A2D-8EFE-F928A88A83D1}.Debug|Any CPU.Build.0 = Debug|Any CPU
		{8F8D477B-DC2E-4A2D-8EFE-F928A88A83D1}.Release|Any CPU.ActiveCfg = Release|Any CPU
		{8F8D477B-DC2E-4A2D-8EFE-F928A88A83D1}.Release|Any CPU.Build.0 = Release|Any CPU
		{18F66631-E231-4A1E-8C32-58608305F991}.Debug|Any CPU.ActiveCfg = Debug|Any CPU
		{18F66631-E231-4A1E-8C32-58608305F991}.Debug|Any CPU.Build.0 = Debug|Any CPU
		{18F66631-E231-4A1E-8C32-58608305F991}.Release|Any CPU.ActiveCfg = Release|Any CPU
		{18F66631-E231-4A1E-8C32-58608305F991}.Release|Any CPU.Build.0 = Release|Any CPU
		{B0CDD1A1-20DA-41AF-848A-7C167348B441}.Debug|Any CPU.ActiveCfg = Debug|Any CPU
		{B0CDD1A1-20DA-41AF-848A-7C167348B441}.Debug|Any CPU.Build.0 = Debug|Any CPU
		{B0CDD1A1-20DA-41AF-848A-7C167348B441}.Release|Any CPU.ActiveCfg = Release|Any CPU
		{B0CDD1A1-20DA-41AF-848A-7C167348B441}.Release|Any CPU.Build.0 = Release|Any CPU
		{7662F008-AFE8-4F3F-8D17-6E97E1861687}.Debug|Any CPU.ActiveCfg = Debug|Any CPU
		{7662F008-AFE8-4F3F-8D17-6E97E1861687}.Debug|Any CPU.Build.0 = Debug|Any CPU
		{7662F008-AFE8-4F3F-8D17-6E97E1861687}.Release|Any CPU.ActiveCfg = Release|Any CPU
		{7662F008-AFE8-4F3F-8D17-6E97E1861687}.Release|Any CPU.Build.0 = Release|Any CPU
	EndGlobalSection
	GlobalSection(SolutionProperties) = preSolution
		HideSolutionNode = FALSE
	EndGlobalSection
	GlobalSection(ExtensibilityGlobals) = postSolution
		SolutionGuid = {82273ADF-EB84-49ED-BE05-7E88F1E37373}
	EndGlobalSection
EndGlobal
